
Microsoft Visual Studio Solution File, Format Version 12.00
# Visual Studio Version 16
VisualStudioVersion = 16.0.28621.142
MinimumVisualStudioVersion = 10.0.40219.1
Project("{9A19103F-16F7-4668-BE54-9A1E7A4F7556}") = "NetCoreApi.Service", "NetCoreApi.Service\NetCoreApi.Service.csproj", "{D17F1E40-25CA-4DC7-9F9B-9EED45FB93C7}"
EndProject
Project("{9A19103F-16F7-4668-BE54-9A1E7A4F7556}") = "NetCoreApi.GetWay", "NetCoreApi.GetWay\NetCoreApi.GetWay.csproj", "{04EE46C7-BF04-455A-8B92-D33534A967E4}"
EndProject
Project("{9A19103F-16F7-4668-BE54-9A1E7A4F7556}") = "NetCoreApi.Service.Test", "NetCoreApi.Service.Test\NetCoreApi.Service.Test.csproj", "{7470EFC8-37AD-43D2-B958-3AAD8B2C1DCB}"
EndProject
Project("{FAE04EC0-301F-11D3-BF4B-00C04F79EFBC}") = "NetCoreApi.ServiceStack", "NetCoreApi.ServiceStack\NetCoreApi.ServiceStack.csproj", "{54733DF1-C937-4F68-986A-165F594A77B6}"
EndProject
Project("{FAE04EC0-301F-11D3-BF4B-00C04F79EFBC}") = "NetCoreApi.ServiceStack.ServiceInterface", "NetCoreApi.Service.ServiceInterface\NetCoreApi.ServiceStack.ServiceInterface.csproj", "{B507CEF8-B0C1-4C80-8E76-7657368DBA72}"
EndProject
Project("{FAE04EC0-301F-11D3-BF4B-00C04F79EFBC}") = "NetCoreApi.ServiceStack.ServiceModel", "NetCoreApi.ServiceStack.ServiceModel\NetCoreApi.ServiceStack.ServiceModel.csproj", "{CE98A4D7-B7C7-4F9C-812B-176C20253019}"
EndProject
Project("{FAE04EC0-301F-11D3-BF4B-00C04F79EFBC}") = "NetCoreApi.Common", "NetCoreApi.Common\NetCoreApi.Common.csproj", "{D8B9D032-8013-40BA-85DC-80DDA2B4ADB0}"
EndProject
Global
	GlobalSection(SolutionConfigurationPlatforms) = preSolution
		Debug|Any CPU = Debug|Any CPU
		Release|Any CPU = Release|Any CPU
	EndGlobalSection
	GlobalSection(ProjectConfigurationPlatforms) = postSolution
		{D17F1E40-25CA-4DC7-9F9B-9EED45FB93C7}.Debug|Any CPU.ActiveCfg = Debug|Any CPU
		{D17F1E40-25CA-4DC7-9F9B-9EED45FB93C7}.Debug|Any CPU.Build.0 = Debug|Any CPU
		{D17F1E40-25CA-4DC7-9F9B-9EED45FB93C7}.Release|Any CPU.ActiveCfg = Release|Any CPU
		{D17F1E40-25CA-4DC7-9F9B-9EED45FB93C7}.Release|Any CPU.Build.0 = Release|Any CPU
		{04EE46C7-BF04-455A-8B92-D33534A967E4}.Debug|Any CPU.ActiveCfg = Debug|Any CPU
		{04EE46C7-BF04-455A-8B92-D33534A967E4}.Debug|Any CPU.Build.0 = Debug|Any CPU
		{04EE46C7-BF04-455A-8B92-D33534A967E4}.Release|Any CPU.ActiveCfg = Release|Any CPU
		{04EE46C7-BF04-455A-8B92-D33534A967E4}.Release|Any CPU.Build.0 = Release|Any CPU
		{7470EFC8-37AD-43D2-B958-3AAD8B2C1DCB}.Debug|Any CPU.ActiveCfg = Debug|Any CPU
		{7470EFC8-37AD-43D2-B958-3AAD8B2C1DCB}.Debug|Any CPU.Build.0 = Debug|Any CPU
		{7470EFC8-37AD-43D2-B958-3AAD8B2C1DCB}.Release|Any CPU.ActiveCfg = Release|Any CPU
		{7470EFC8-37AD-43D2-B958-3AAD8B2C1DCB}.Release|Any CPU.Build.0 = Release|Any CPU
		{54733DF1-C937-4F68-986A-165F594A77B6}.Debug|Any CPU.ActiveCfg = Debug|Any CPU
		{54733DF1-C937-4F68-986A-165F594A77B6}.Debug|Any CPU.Build.0 = Debug|Any CPU
		{54733DF1-C937-4F68-986A-165F594A77B6}.Release|Any CPU.ActiveCfg = Release|Any CPU
		{54733DF1-C937-4F68-986A-165F594A77B6}.Release|Any CPU.Build.0 = Release|Any CPU
		{B507CEF8-B0C1-4C80-8E76-7657368DBA72}.Debug|Any CPU.ActiveCfg = Debug|Any CPU
		{B507CEF8-B0C1-4C80-8E76-7657368DBA72}.Debug|Any CPU.Build.0 = Debug|Any CPU
		{B507CEF8-B0C1-4C80-8E76-7657368DBA72}.Release|Any CPU.ActiveCfg = Release|Any CPU
		{B507CEF8-B0C1-4C80-8E76-7657368DBA72}.Release|Any CPU.Build.0 = Release|Any CPU
		{CE98A4D7-B7C7-4F9C-812B-176C20253019}.Debug|Any CPU.ActiveCfg = Debug|Any CPU
		{CE98A4D7-B7C7-4F9C-812B-176C20253019}.Debug|Any CPU.Build.0 = Debug|Any CPU
		{CE98A4D7-B7C7-4F9C-812B-176C20253019}.Release|Any CPU.ActiveCfg = Release|Any CPU
		{CE98A4D7-B7C7-4F9C-812B-176C20253019}.Release|Any CPU.Build.0 = Release|Any CPU
		{D8B9D032-8013-40BA-85DC-80DDA2B4ADB0}.Debug|Any CPU.ActiveCfg = Debug|Any CPU
		{D8B9D032-8013-40BA-85DC-80DDA2B4ADB0}.Debug|Any CPU.Build.0 = Debug|Any CPU
		{D8B9D032-8013-40BA-85DC-80DDA2B4ADB0}.Release|Any CPU.ActiveCfg = Release|Any CPU
		{D8B9D032-8013-40BA-85DC-80DDA2B4ADB0}.Release|Any CPU.Build.0 = Release|Any CPU
	EndGlobalSection
	GlobalSection(SolutionProperties) = preSolution
		HideSolutionNode = FALSE
	EndGlobalSection
	GlobalSection(ExtensibilityGlobals) = postSolution
		SolutionGuid = {1A3CC3C5-B57F-4A79-B711-2BD11E266D82}
	EndGlobalSection
EndGlobal
